
Microsoft Visual Studio Solution File, Format Version 12.00
# Visual Studio Version 17
VisualStudioVersion = 17.8.34408.163
MinimumVisualStudioVersion = 10.0.40219.1
Project("{9A19103F-16F7-4668-BE54-9A1E7A4F7556}") = "M000", "M000\M000.csproj", "{A5CF0F8F-7734-469C-9B15-5A83313B258D}"
EndProject
Project("{9A19103F-16F7-4668-BE54-9A1E7A4F7556}") = "M002", "M002\M002.csproj", "{23665D60-7814-401C-811D-610C0AAB0E83}"
EndProject
Project("{9A19103F-16F7-4668-BE54-9A1E7A4F7556}") = "M003", "M003\M003.csproj", "{C79E44A7-CEC4-476B-9D22-7BD119EB5224}"
EndProject
Project("{9A19103F-16F7-4668-BE54-9A1E7A4F7556}") = "M001", "M001\M001.csproj", "{872F74D4-30B2-4818-AD10-50D10E00AB04}"
EndProject
Project("{9A19103F-16F7-4668-BE54-9A1E7A4F7556}") = "M004", "M004\M004.csproj", "{304A8FCA-D468-40D6-9F3D-26A9FBDFA791}"
EndProject
Project("{2150E333-8FDC-42A3-9474-1A3956D46DE8}") = "Solution Items", "Solution Items", "{4519F53D-1F95-49BE-91E0-7079D23ECAA5}"
	ProjectSection(SolutionItems) = preProject
		Shortcuts.txt = Shortcuts.txt
	EndProjectSection
EndProject
Project("{9A19103F-16F7-4668-BE54-9A1E7A4F7556}") = "M005", "M005\M005.csproj", "{512C2993-FE84-4242-8A77-BEC762FAB3C6}"
EndProject
Project("{FAE04EC0-301F-11D3-BF4B-00C04F79EFBC}") = "M006", "M006\M006.csproj", "{38E2456B-3DBD-4D37-8CE8-4F4F8AA86FF0}"
EndProject
Project("{FAE04EC0-301F-11D3-BF4B-00C04F79EFBC}") = "M007", "M007\M007.csproj", "{E18E5DD0-3278-4764-AEF0-08E03BA87C77}"
EndProject
Project("{FAE04EC0-301F-11D3-BF4B-00C04F79EFBC}") = "M008", "M008\M008.csproj", "{9C59288D-82A6-4AA7-B9D1-71D5E825195A}"
EndProject
Global
	GlobalSection(SolutionConfigurationPlatforms) = preSolution
		Debug|Any CPU = Debug|Any CPU
		Release|Any CPU = Release|Any CPU
	EndGlobalSection
	GlobalSection(ProjectConfigurationPlatforms) = postSolution
		{A5CF0F8F-7734-469C-9B15-5A83313B258D}.Debug|Any CPU.ActiveCfg = Debug|Any CPU
		{A5CF0F8F-7734-469C-9B15-5A83313B258D}.Debug|Any CPU.Build.0 = Debug|Any CPU
		{A5CF0F8F-7734-469C-9B15-5A83313B258D}.Release|Any CPU.ActiveCfg = Release|Any CPU
		{A5CF0F8F-7734-469C-9B15-5A83313B258D}.Release|Any CPU.Build.0 = Release|Any CPU
		{23665D60-7814-401C-811D-610C0AAB0E83}.Debug|Any CPU.ActiveCfg = Debug|Any CPU
		{23665D60-7814-401C-811D-610C0AAB0E83}.Debug|Any CPU.Build.0 = Debug|Any CPU
		{23665D60-7814-401C-811D-610C0AAB0E83}.Release|Any CPU.ActiveCfg = Release|Any CPU
		{23665D60-7814-401C-811D-610C0AAB0E83}.Release|Any CPU.Build.0 = Release|Any CPU
		{C79E44A7-CEC4-476B-9D22-7BD119EB5224}.Debug|Any CPU.ActiveCfg = Debug|Any CPU
		{C79E44A7-CEC4-476B-9D22-7BD119EB5224}.Debug|Any CPU.Build.0 = Debug|Any CPU
		{C79E44A7-CEC4-476B-9D22-7BD119EB5224}.Release|Any CPU.ActiveCfg = Release|Any CPU
		{C79E44A7-CEC4-476B-9D22-7BD119EB5224}.Release|Any CPU.Build.0 = Release|Any CPU
		{872F74D4-30B2-4818-AD10-50D10E00AB04}.Debug|Any CPU.ActiveCfg = Debug|Any CPU
		{872F74D4-30B2-4818-AD10-50D10E00AB04}.Debug|Any CPU.Build.0 = Debug|Any CPU
		{872F74D4-30B2-4818-AD10-50D10E00AB04}.Release|Any CPU.ActiveCfg = Release|Any CPU
		{872F74D4-30B2-4818-AD10-50D10E00AB04}.Release|Any CPU.Build.0 = Release|Any CPU
		{304A8FCA-D468-40D6-9F3D-26A9FBDFA791}.Debug|Any CPU.ActiveCfg = Debug|Any CPU
		{304A8FCA-D468-40D6-9F3D-26A9FBDFA791}.Debug|Any CPU.Build.0 = Debug|Any CPU
		{304A8FCA-D468-40D6-9F3D-26A9FBDFA791}.Release|Any CPU.ActiveCfg = Release|Any CPU
		{304A8FCA-D468-40D6-9F3D-26A9FBDFA791}.Release|Any CPU.Build.0 = Release|Any CPU
		{512C2993-FE84-4242-8A77-BEC762FAB3C6}.Debug|Any CPU.ActiveCfg = Debug|Any CPU
		{512C2993-FE84-4242-8A77-BEC762FAB3C6}.Debug|Any CPU.Build.0 = Debug|Any CPU
		{512C2993-FE84-4242-8A77-BEC762FAB3C6}.Release|Any CPU.ActiveCfg = Release|Any CPU
		{512C2993-FE84-4242-8A77-BEC762FAB3C6}.Release|Any CPU.Build.0 = Release|Any CPU
		{38E2456B-3DBD-4D37-8CE8-4F4F8AA86FF0}.Debug|Any CPU.ActiveCfg = Debug|Any CPU
		{38E2456B-3DBD-4D37-8CE8-4F4F8AA86FF0}.Debug|Any CPU.Build.0 = Debug|Any CPU
		{38E2456B-3DBD-4D37-8CE8-4F4F8AA86FF0}.Release|Any CPU.ActiveCfg = Release|Any CPU
		{38E2456B-3DBD-4D37-8CE8-4F4F8AA86FF0}.Release|Any CPU.Build.0 = Release|Any CPU
		{E18E5DD0-3278-4764-AEF0-08E03BA87C77}.Debug|Any CPU.ActiveCfg = Debug|Any CPU
		{E18E5DD0-3278-4764-AEF0-08E03BA87C77}.Debug|Any CPU.Build.0 = Debug|Any CPU
		{E18E5DD0-3278-4764-AEF0-08E03BA87C77}.Release|Any CPU.ActiveCfg = Release|Any CPU
		{E18E5DD0-3278-4764-AEF0-08E03BA87C77}.Release|Any CPU.Build.0 = Release|Any CPU
		{9C59288D-82A6-4AA7-B9D1-71D5E825195A}.Debug|Any CPU.ActiveCfg = Debug|Any CPU
		{9C59288D-82A6-4AA7-B9D1-71D5E825195A}.Debug|Any CPU.Build.0 = Debug|Any CPU
		{9C59288D-82A6-4AA7-B9D1-71D5E825195A}.Release|Any CPU.ActiveCfg = Release|Any CPU
		{9C59288D-82A6-4AA7-B9D1-71D5E825195A}.Release|Any CPU.Build.0 = Release|Any CPU
	EndGlobalSection
	GlobalSection(SolutionProperties) = preSolution
		HideSolutionNode = FALSE
	EndGlobalSection
	GlobalSection(ExtensibilityGlobals) = postSolution
		SolutionGuid = {3DEE5947-FCCF-4234-9E08-305FE9F4DC60}
	EndGlobalSection
EndGlobal
